
Microsoft Visual Studio Solution File, Format Version 12.00
# Visual Studio Version 17
VisualStudioVersion = 17.3.32901.215
MinimumVisualStudioVersion = 10.0.40219.1
Project("{FAE04EC0-301F-11D3-BF4B-00C04F79EFBC}") = "Musica_BauteViviana", "Musica_BauteViviana\Musica_BauteViviana.csproj", "{1E9B21BE-008B-4A19-ABBE-E3D6849DB9EA}"
EndProject
Global
	GlobalSection(SolutionConfigurationPlatforms) = preSolution
		Debug|Any CPU = Debug|Any CPU
		Release|Any CPU = Release|Any CPU
	EndGlobalSection
	GlobalSection(ProjectConfigurationPlatforms) = postSolution
		{1E9B21BE-008B-4A19-ABBE-E3D6849DB9EA}.Debug|Any CPU.ActiveCfg = Debug|Any CPU
		{1E9B21BE-008B-4A19-ABBE-E3D6849DB9EA}.Debug|Any CPU.Build.0 = Debug|Any CPU
		{1E9B21BE-008B-4A19-ABBE-E3D6849DB9EA}.Release|Any CPU.ActiveCfg = Release|Any CPU
		{1E9B21BE-008B-4A19-ABBE-E3D6849DB9EA}.Release|Any CPU.Build.0 = Release|Any CPU
	EndGlobalSection
	GlobalSection(SolutionProperties) = preSolution
		HideSolutionNode = FALSE
	EndGlobalSection
	GlobalSection(ExtensibilityGlobals) = postSolution
		SolutionGuid = {314A821D-A754-484A-872C-880749DA8CB9}
	EndGlobalSection
EndGlobal
